
Microsoft Visual Studio Solution File, Format Version 12.00
# Visual Studio Version 17
VisualStudioVersion = 17.6.33829.357
MinimumVisualStudioVersion = 10.0.40219.1
Project("{9A19103F-16F7-4668-BE54-9A1E7A4F7556}") = "CiotNet", "CiotNet\CiotNet.csproj", "{5A3E764E-C01B-4FA0-94C1-711880677708}"
EndProject
Project("{9A19103F-16F7-4668-BE54-9A1E7A4F7556}") = "CiotNet.Tests", "CiotNet.Tests\CiotNet.Tests.csproj", "{6ACC8ADF-E2FC-4A47-8519-4D138AC7CD33}"
EndProject
Project("{FAE04EC0-301F-11D3-BF4B-00C04F79EFBC}") = "CiotNet.Serializer", "CiotNet.Serializer\CiotNet.Serializer.csproj", "{577E9C5F-B2FF-4236-A7A5-1D63BCFFC9C6}"
EndProject
Project("{FAE04EC0-301F-11D3-BF4B-00C04F79EFBC}") = "CiotNet.Serializer.Tests", "CiotNet.Serializer.Tests\CiotNet.Serializer.Tests.csproj", "{94A77134-CB9E-4EF2-AF3A-24121A0303B1}"
EndProject
Global
	GlobalSection(SolutionConfigurationPlatforms) = preSolution
		Debug|Any CPU = Debug|Any CPU
		Release|Any CPU = Release|Any CPU
	EndGlobalSection
	GlobalSection(ProjectConfigurationPlatforms) = postSolution
		{5A3E764E-C01B-4FA0-94C1-711880677708}.Debug|Any CPU.ActiveCfg = Debug|Any CPU
		{5A3E764E-C01B-4FA0-94C1-711880677708}.Debug|Any CPU.Build.0 = Debug|Any CPU
		{5A3E764E-C01B-4FA0-94C1-711880677708}.Release|Any CPU.ActiveCfg = Release|Any CPU
		{5A3E764E-C01B-4FA0-94C1-711880677708}.Release|Any CPU.Build.0 = Release|Any CPU
		{6ACC8ADF-E2FC-4A47-8519-4D138AC7CD33}.Debug|Any CPU.ActiveCfg = Debug|Any CPU
		{6ACC8ADF-E2FC-4A47-8519-4D138AC7CD33}.Debug|Any CPU.Build.0 = Debug|Any CPU
		{6ACC8ADF-E2FC-4A47-8519-4D138AC7CD33}.Release|Any CPU.ActiveCfg = Release|Any CPU
		{6ACC8ADF-E2FC-4A47-8519-4D138AC7CD33}.Release|Any CPU.Build.0 = Release|Any CPU
		{577E9C5F-B2FF-4236-A7A5-1D63BCFFC9C6}.Debug|Any CPU.ActiveCfg = Debug|Any CPU
		{577E9C5F-B2FF-4236-A7A5-1D63BCFFC9C6}.Debug|Any CPU.Build.0 = Debug|Any CPU
		{577E9C5F-B2FF-4236-A7A5-1D63BCFFC9C6}.Release|Any CPU.ActiveCfg = Release|Any CPU
		{577E9C5F-B2FF-4236-A7A5-1D63BCFFC9C6}.Release|Any CPU.Build.0 = Release|Any CPU
		{94A77134-CB9E-4EF2-AF3A-24121A0303B1}.Debug|Any CPU.ActiveCfg = Debug|Any CPU
		{94A77134-CB9E-4EF2-AF3A-24121A0303B1}.Debug|Any CPU.Build.0 = Debug|Any CPU
		{94A77134-CB9E-4EF2-AF3A-24121A0303B1}.Release|Any CPU.ActiveCfg = Release|Any CPU
		{94A77134-CB9E-4EF2-AF3A-24121A0303B1}.Release|Any CPU.Build.0 = Release|Any CPU
	EndGlobalSection
	GlobalSection(SolutionProperties) = preSolution
		HideSolutionNode = FALSE
	EndGlobalSection
	GlobalSection(ExtensibilityGlobals) = postSolution
		SolutionGuid = {FCE58345-C17F-44BA-9BC8-F0ADBB95C997}
	EndGlobalSection
EndGlobal
